
Microsoft Visual Studio Solution File, Format Version 12.00
# Visual Studio Version 17
VisualStudioVersion = 17.0.31903.59
MinimumVisualStudioVersion = 10.0.40219.1
Project("{9A19103F-16F7-4668-BE54-9A1E7A4F7556}") = "InvoiceServiceMock", "InvoiceServiceMock\InvoiceServiceMock.csproj", "{25514848-61C1-4122-8799-211D0EC5C09B}"
EndProject
Project("{FAE04EC0-301F-11D3-BF4B-00C04F79EFBC}") = "InvoiceManager.WinForms", "InvoiceManager.WinForms\InvoiceManager.WinForms.csproj", "{0761A08F-696A-4988-B53B-C1451D0680E2}"
EndProject
Global
	GlobalSection(SolutionConfigurationPlatforms) = preSolution
		Debug|Any CPU = Debug|Any CPU
		Release|Any CPU = Release|Any CPU
	EndGlobalSection
	GlobalSection(ProjectConfigurationPlatforms) = postSolution
		{25514848-61C1-4122-8799-211D0EC5C09B}.Debug|Any CPU.ActiveCfg = Debug|Any CPU
		{25514848-61C1-4122-8799-211D0EC5C09B}.Debug|Any CPU.Build.0 = Debug|Any CPU
		{25514848-61C1-4122-8799-211D0EC5C09B}.Release|Any CPU.ActiveCfg = Release|Any CPU
		{25514848-61C1-4122-8799-211D0EC5C09B}.Release|Any CPU.Build.0 = Release|Any CPU
		{0761A08F-696A-4988-B53B-C1451D0680E2}.Debug|Any CPU.ActiveCfg = Debug|Any CPU
		{0761A08F-696A-4988-B53B-C1451D0680E2}.Debug|Any CPU.Build.0 = Debug|Any CPU
		{0761A08F-696A-4988-B53B-C1451D0680E2}.Release|Any CPU.ActiveCfg = Release|Any CPU
		{0761A08F-696A-4988-B53B-C1451D0680E2}.Release|Any CPU.Build.0 = Release|Any CPU
	EndGlobalSection
	GlobalSection(SolutionProperties) = preSolution
		HideSolutionNode = FALSE
	EndGlobalSection
	GlobalSection(ExtensibilityGlobals) = postSolution
		SolutionGuid = {264D0973-0D92-4B4F-88B4-661B2627698B}
	EndGlobalSection
EndGlobal
